
Microsoft Visual Studio Solution File, Format Version 12.00
# Visual Studio Version 17
VisualStudioVersion = 17.5.33530.505
MinimumVisualStudioVersion = 10.0.40219.1
Project("{FAE04EC0-301F-11D3-BF4B-00C04F79EFBC}") = "Calculator", "Calculator\Calculator.csproj", "{138BDDA0-BAF8-4F4D-9200-F709E2F64C5D}"
EndProject
Global
	GlobalSection(SolutionConfigurationPlatforms) = preSolution
		Debug|Any CPU = Debug|Any CPU
		Release|Any CPU = Release|Any CPU
	EndGlobalSection
	GlobalSection(ProjectConfigurationPlatforms) = postSolution
		{138BDDA0-BAF8-4F4D-9200-F709E2F64C5D}.Debug|Any CPU.ActiveCfg = Debug|Any CPU
		{138BDDA0-BAF8-4F4D-9200-F709E2F64C5D}.Debug|Any CPU.Build.0 = Debug|Any CPU
		{138BDDA0-BAF8-4F4D-9200-F709E2F64C5D}.Release|Any CPU.ActiveCfg = Release|Any CPU
		{138BDDA0-BAF8-4F4D-9200-F709E2F64C5D}.Release|Any CPU.Build.0 = Release|Any CPU
	EndGlobalSection
	GlobalSection(SolutionProperties) = preSolution
		HideSolutionNode = FALSE
	EndGlobalSection
	GlobalSection(ExtensibilityGlobals) = postSolution
		SolutionGuid = {7C541F37-E579-4899-8FF1-F980602F0BDC}
	EndGlobalSection
EndGlobal
